
Microsoft Visual Studio Solution File, Format Version 12.00
# Visual Studio Version 17
VisualStudioVersion = 17.5.002.0
MinimumVisualStudioVersion = 10.0.40219.1
Project("{9A19103F-16F7-4668-BE54-9A1E7A4F7556}") = "MasterEngine", "MasterEngine\MasterEngine.csproj", "{709CF5EC-7CBE-45E5-A35D-B5ED4C5A4930}"
EndProject
Project("{9A19103F-16F7-4668-BE54-9A1E7A4F7556}") = "MasterEngine.Core", "MasterEngine.Core\MasterEngine.Core.csproj", "{DE34F000-40C9-47DB-8F37-05BFE3FFFB3D}"
EndProject
Project("{9A19103F-16F7-4668-BE54-9A1E7A4F7556}") = "MasterEngine.Editor", "MasterEngine.Editor\MasterEngine.Editor.csproj", "{34185C2E-2EED-4309-B04C-FBBE5A76A035}"
EndProject
Project("{9A19103F-16F7-4668-BE54-9A1E7A4F7556}") = "MasterEngine.Runtime", "MasterEngine.Runtime\MasterEngine.Runtime.csproj", "{4081972D-23AA-4815-82AB-17E32057288A}"
EndProject
Global
	GlobalSection(SolutionConfigurationPlatforms) = preSolution
		Debug|Any CPU = Debug|Any CPU
		Release|Any CPU = Release|Any CPU
	EndGlobalSection
	GlobalSection(ProjectConfigurationPlatforms) = postSolution
		{709CF5EC-7CBE-45E5-A35D-B5ED4C5A4930}.Debug|Any CPU.ActiveCfg = Debug|Any CPU
		{709CF5EC-7CBE-45E5-A35D-B5ED4C5A4930}.Debug|Any CPU.Build.0 = Debug|Any CPU
		{709CF5EC-7CBE-45E5-A35D-B5ED4C5A4930}.Release|Any CPU.ActiveCfg = Release|Any CPU
		{709CF5EC-7CBE-45E5-A35D-B5ED4C5A4930}.Release|Any CPU.Build.0 = Release|Any CPU
		{DE34F000-40C9-47DB-8F37-05BFE3FFFB3D}.Debug|Any CPU.ActiveCfg = Debug|Any CPU
		{DE34F000-40C9-47DB-8F37-05BFE3FFFB3D}.Debug|Any CPU.Build.0 = Debug|Any CPU
		{DE34F000-40C9-47DB-8F37-05BFE3FFFB3D}.Release|Any CPU.ActiveCfg = Release|Any CPU
		{DE34F000-40C9-47DB-8F37-05BFE3FFFB3D}.Release|Any CPU.Build.0 = Release|Any CPU
		{34185C2E-2EED-4309-B04C-FBBE5A76A035}.Debug|Any CPU.ActiveCfg = Debug|Any CPU
		{34185C2E-2EED-4309-B04C-FBBE5A76A035}.Debug|Any CPU.Build.0 = Debug|Any CPU
		{34185C2E-2EED-4309-B04C-FBBE5A76A035}.Release|Any CPU.ActiveCfg = Release|Any CPU
		{34185C2E-2EED-4309-B04C-FBBE5A76A035}.Release|Any CPU.Build.0 = Release|Any CPU
		{4081972D-23AA-4815-82AB-17E32057288A}.Debug|Any CPU.ActiveCfg = Debug|Any CPU
		{4081972D-23AA-4815-82AB-17E32057288A}.Debug|Any CPU.Build.0 = Debug|Any CPU
		{4081972D-23AA-4815-82AB-17E32057288A}.Release|Any CPU.ActiveCfg = Release|Any CPU
		{4081972D-23AA-4815-82AB-17E32057288A}.Release|Any CPU.Build.0 = Release|Any CPU
	EndGlobalSection
	GlobalSection(SolutionProperties) = preSolution
		HideSolutionNode = FALSE
	EndGlobalSection
	GlobalSection(ExtensibilityGlobals) = postSolution
		SolutionGuid = {646B0D7D-80FF-4C80-8B17-5B3D99AFE23A}
	EndGlobalSection
EndGlobal
